<?xml version="1.0" encoding="utf-8"?>
<Project ToolsVersion="4.0" xmlns="http://schemas.microsoft.com/developer/msbuild/2003">
  <ItemGroup>
    <Filter Include="Resource Files">
      <UniqueIdentifier>{67DA6AB6-F800-4c08-8B7A-83BB121AAD01}</UniqueIdentifier>
      <Extensions>rc;ico;cur;bmp;dlg;rc2;rct;bin;rgs;gif;jpg;jpeg;jpe;resx;tiff;tif;png;wav;mfcribbon-ms</Extensions>
    </Filter>
    <Filter Include="utils">
      <UniqueIdentifier>{6f5bd609-4015-48cc-888b-2250c859c9f7}</UniqueIdentifier>
    </Filter>
    <Filter Include="renderer">
      <UniqueIdentifier>{9fd97b4f-3f97-4004-970a-b33a399b1872}</UniqueIdentifier>
    </Filter>
    <Filter Include="base">
      <UniqueIdentifier>{89dc0097-eca2-4350-9399-cd1990468d8d}</UniqueIdentifier>
    </Filter>
    <Filter Include="io">
      <UniqueIdentifier>{fabe7d9c-aff5-41bc-86a2-991571ef0f0b}</UniqueIdentifier>
    </Filter>
    <Filter Include="memory">
      <UniqueIdentifier>{06464231-cb3a-4ec5-b16c-61fa74a2331a}</UniqueIdentifier>
    </Filter>
    <Filter Include="lib">
      <UniqueIdentifier>{897b94d5-e66b-4d29-8fbe-4826c3a2c6d2}</UniqueIdentifier>
    </Filter>
    <Filter Include="math">
      <UniqueIdentifier>{ea8be514-4dbd-4983-93cc-8e435139a6b4}</UniqueIdentifier>
    </Filter>
    <Filter Include="content">
      <UniqueIdentifier>{0f7e376b-9539-4e68-b62a-ab8f1b45cb79}</UniqueIdentifier>
    </Filter>
    <Filter Include="resources">
      <UniqueIdentifier>{85cfbf4a-6631-48e0-a65e-6458fd431b49}</UniqueIdentifier>
    </Filter>
    <Filter Include="content\resources">
      <UniqueIdentifier>{a4b9e98e-c614-4e38-a6d1-331966f8c28d}</UniqueIdentifier>
    </Filter>
    <Filter Include="gamestates">
      <UniqueIdentifier>{207b41b3-e386-4854-8caf-51bcc613af7d}</UniqueIdentifier>
    </Filter>
    <Filter Include="sprites">
      <UniqueIdentifier>{3a64bf55-3f42-459f-b3d1-4619e913d8ea}</UniqueIdentifier>
    </Filter>
    <Filter Include="world">
      <UniqueIdentifier>{fafeff11-b720-489d-a16a-9de5c9472b92}</UniqueIdentifier>
    </Filter>
    <Filter Include="world\actions">
      <UniqueIdentifier>{a953b0c5-158c-46c1-a1bd-00cbc2feec68}</UniqueIdentifier>
    </Filter>
    <Filter Include="physics">
      <UniqueIdentifier>{2cdf0fcb-f0c5-4dc5-841f-0ebdebf8f29a}</UniqueIdentifier>
    </Filter>
    <Filter Include="particles">
      <UniqueIdentifier>{12270537-ff6c-47d5-97f2-bbb5bcf09e4b}</UniqueIdentifier>
    </Filter>
    <Filter Include="imgui">
      <UniqueIdentifier>{4b3b0ea6-66c3-4e89-9529-28c501eb6cab}</UniqueIdentifier>
    </Filter>
  </ItemGroup>
  <ItemGroup>
    <ClCompile Include="utils\Log.cpp">
      <Filter>utils</Filter>
    </ClCompile>
    <ClCompile Include="renderer\sprites.cpp">
      <Filter>renderer</Filter>
    </ClCompile>
    <ClCompile Include="utils\Color.cpp">
      <Filter>utils</Filter>
    </ClCompile>
    <ClCompile Include="base\BaseApp.cpp">
      <Filter>base</Filter>
    </ClCompile>
    <ClCompile Include="renderer\renderQueue.cpp">
      <Filter>renderer</Filter>
    </ClCompile>
    <ClCompile Include="io\json.cpp">
      <Filter>io</Filter>
    </ClCompile>
    <ClCompile Include="memory\DefaultAllocator.cpp">
      <Filter>memory</Filter>
    </ClCompile>
    <ClCompile Include="io\ReportWriter.cpp">
      <Filter>io</Filter>
    </ClCompile>
    <ClCompile Include="lib\BlockArray.cpp">
      <Filter>lib</Filter>
    </ClCompile>
    <ClCompile Include="utils\StringUtils.cpp">
      <Filter>utils</Filter>
    </ClCompile>
    <ClCompile Include="io\FileRepository.cpp">
      <Filter>io</Filter>
    </ClCompile>
    <ClCompile Include="io\DataFile.cpp">
      <Filter>io</Filter>
    </ClCompile>
    <ClCompile Include="io\TextCompressor.cpp">
      <Filter>io</Filter>
    </ClCompile>
    <ClCompile Include="utils\Profiler.cpp">
      <Filter>utils</Filter>
    </ClCompile>
    <ClCompile Include="utils\FileUtils.cpp">
      <Filter>utils</Filter>
    </ClCompile>
    <ClCompile Include="utils\GlobalStringBuffer.cpp">
      <Filter>utils</Filter>
    </ClCompile>
    <ClCompile Include="math\math.cpp">
      <Filter>math</Filter>
    </ClCompile>
    <ClCompile Include="main.cpp" />
    <ClCompile Include="Demo.cpp" />
    <ClCompile Include="graphics.cpp" />
    <ClCompile Include="math\matrix.cpp">
      <Filter>math</Filter>
    </ClCompile>
    <ClCompile Include="resources\ResourceContainer.cpp">
      <Filter>resources</Filter>
    </ClCompile>
    <ClCompile Include="renderer\Bitmapfont.cpp">
      <Filter>renderer</Filter>
    </ClCompile>
    <ClCompile Include="gamestates\GameStateMachine.cpp">
      <Filter>gamestates</Filter>
    </ClCompile>
    <ClCompile Include="world\AdditionalData.cpp">
      <Filter>world</Filter>
    </ClCompile>
    <ClCompile Include="world\BehaviorDefinitions.cpp">
      <Filter>world</Filter>
    </ClCompile>
    <ClCompile Include="world\World.cpp">
      <Filter>world</Filter>
    </ClCompile>
    <ClCompile Include="world\actions\AbstractAction.cpp">
      <Filter>world\actions</Filter>
    </ClCompile>
    <ClCompile Include="world\actions\AlphaFadeToAction.cpp">
      <Filter>world\actions</Filter>
    </ClCompile>
    <ClCompile Include="world\actions\ColorFadeToAction.cpp">
      <Filter>world\actions</Filter>
    </ClCompile>
    <ClCompile Include="world\actions\ColorFlashAction.cpp">
      <Filter>world\actions</Filter>
    </ClCompile>
    <ClCompile Include="world\actions\FollowCurveAction.cpp">
      <Filter>world\actions</Filter>
    </ClCompile>
    <ClCompile Include="world\actions\FollowPathAction.cpp">
      <Filter>world\actions</Filter>
    </ClCompile>
    <ClCompile Include="world\actions\FollowStraightPathAction.cpp">
      <Filter>world\actions</Filter>
    </ClCompile>
    <ClCompile Include="world\actions\FollowTargetAction.cpp">
      <Filter>world\actions</Filter>
    </ClCompile>
    <ClCompile Include="world\actions\MoveByAction.cpp">
      <Filter>world\actions</Filter>
    </ClCompile>
    <ClCompile Include="world\actions\MoveToAction.cpp">
      <Filter>world\actions</Filter>
    </ClCompile>
    <ClCompile Include="world\actions\MoveWithAction.cpp">
      <Filter>world\actions</Filter>
    </ClCompile>
    <ClCompile Include="world\actions\RemoveAfterAction.cpp">
      <Filter>world\actions</Filter>
    </ClCompile>
    <ClCompile Include="world\actions\RotateAction.cpp">
      <Filter>world\actions</Filter>
    </ClCompile>
    <ClCompile Include="world\actions\RotateByAction.cpp">
      <Filter>world\actions</Filter>
    </ClCompile>
    <ClCompile Include="world\actions\ScaleByPathAction.cpp">
      <Filter>world\actions</Filter>
    </ClCompile>
    <ClCompile Include="world\actions\ScalingAction.cpp">
      <Filter>world\actions</Filter>
    </ClCompile>
    <ClCompile Include="world\actions\WaitAction.cpp">
      <Filter>world\actions</Filter>
    </ClCompile>
    <ClCompile Include="math\tweening.cpp">
      <Filter>math</Filter>
    </ClCompile>
    <ClCompile Include="sprites\SpriteArray.cpp">
      <Filter>sprites</Filter>
    </ClCompile>
    <ClCompile Include="physics\ColliderArray.cpp">
      <Filter>physics</Filter>
    </ClCompile>
    <ClCompile Include="physics\PhysicalWorld.cpp">
      <Filter>physics</Filter>
    </ClCompile>
    <ClCompile Include="math\CubicBezierPath.cpp">
      <Filter>math</Filter>
    </ClCompile>
    <ClCompile Include="math\hex.cpp">
      <Filter>math</Filter>
    </ClCompile>
    <ClCompile Include="math\StraightPath.cpp">
      <Filter>math</Filter>
    </ClCompile>
    <ClCompile Include="base\CrashReporter.cpp">
      <Filter>base</Filter>
    </ClCompile>
    <ClCompile Include="math\GameMath.cpp">
      <Filter>math</Filter>
    </ClCompile>
    <ClCompile Include="utils\mtrand.cpp">
      <Filter>utils</Filter>
    </ClCompile>
    <ClCompile Include="Enemies.cpp" />
    <ClCompile Include="particles\ParticleManager.cpp">
      <Filter>particles</Filter>
    </ClCompile>
    <ClCompile Include="particles\ParticleModule.cpp">
      <Filter>particles</Filter>
    </ClCompile>
    <ClCompile Include="particles\ParticleSystem.cpp">
      <Filter>particles</Filter>
    </ClCompile>
    <ClCompile Include="particles\ParticleSystemFactory.cpp">
      <Filter>particles</Filter>
    </ClCompile>
    <ClCompile Include="imgui\IMGUI.cpp">
      <Filter>imgui</Filter>
    </ClCompile>
    <ClCompile Include="utils\font.cpp">
      <Filter>utils</Filter>
    </ClCompile>
  </ItemGroup>
  <ItemGroup>
    <ClInclude Include="utils\Log.h">
      <Filter>utils</Filter>
    </ClInclude>
    <ClInclude Include="renderer\render_types.h">
      <Filter>renderer</Filter>
    </ClInclude>
    <ClInclude Include="renderer\sprites.h">
      <Filter>renderer</Filter>
    </ClInclude>
    <ClInclude Include="utils\Color.h">
      <Filter>utils</Filter>
    </ClInclude>
    <ClInclude Include="base\BaseApp.h">
      <Filter>base</Filter>
    </ClInclude>
    <ClInclude Include="renderer\renderQueue.h">
      <Filter>renderer</Filter>
    </ClInclude>
    <ClInclude Include="io\json.h">
      <Filter>io</Filter>
    </ClInclude>
    <ClInclude Include="memory\DefaultAllocator.h">
      <Filter>memory</Filter>
    </ClInclude>
    <ClInclude Include="memory\memory_types.h">
      <Filter>memory</Filter>
    </ClInclude>
    <ClInclude Include="io\ReportWriter.h">
      <Filter>io</Filter>
    </ClInclude>
    <ClInclude Include="lib\BlockArray.h">
      <Filter>lib</Filter>
    </ClInclude>
    <ClInclude Include="lib\collection_types.h">
      <Filter>lib</Filter>
    </ClInclude>
    <ClInclude Include="lib\DataArray.h">
      <Filter>lib</Filter>
    </ClInclude>
    <ClInclude Include="utils\StringUtils.h">
      <Filter>utils</Filter>
    </ClInclude>
    <ClInclude Include="io\FileRepository.h">
      <Filter>io</Filter>
    </ClInclude>
    <ClInclude Include="io\DataFile.h">
      <Filter>io</Filter>
    </ClInclude>
    <ClInclude Include="io\TextCompressor.h">
      <Filter>io</Filter>
    </ClInclude>
    <ClInclude Include="utils\Profiler.h">
      <Filter>utils</Filter>
    </ClInclude>
    <ClInclude Include="utils\FileUtils.h">
      <Filter>utils</Filter>
    </ClInclude>
    <ClInclude Include="utils\GlobalStringBuffer.h">
      <Filter>utils</Filter>
    </ClInclude>
    <ClInclude Include="math\math.h">
      <Filter>math</Filter>
    </ClInclude>
    <ClInclude Include="graphics.h" />
    <ClInclude Include="Demo.h" />
    <ClInclude Include="Common.h" />
    <ClInclude Include="base\Settings.h">
      <Filter>base</Filter>
    </ClInclude>
    <ClInclude Include="math\math_types.h">
      <Filter>math</Filter>
    </ClInclude>
    <ClInclude Include="math\matrix.h">
      <Filter>math</Filter>
    </ClInclude>
    <ClInclude Include="resources\ResourceDescriptors.h">
      <Filter>resources</Filter>
    </ClInclude>
    <ClInclude Include="resources\ResourceContainer.h">
      <Filter>resources</Filter>
    </ClInclude>
    <ClInclude Include="renderer\Bitmapfont.h">
      <Filter>renderer</Filter>
    </ClInclude>
    <ClInclude Include="gamestates\GameState.h">
      <Filter>gamestates</Filter>
    </ClInclude>
    <ClInclude Include="gamestates\GameStateMachine.h">
      <Filter>gamestates</Filter>
    </ClInclude>
    <ClInclude Include="world\AdditionalData.h">
      <Filter>world</Filter>
    </ClInclude>
    <ClInclude Include="world\BehaviorDefinitions.h">
      <Filter>world</Filter>
    </ClInclude>
    <ClInclude Include="world\World.h">
      <Filter>world</Filter>
    </ClInclude>
    <ClInclude Include="world\actions\AbstractAction.h">
      <Filter>world\actions</Filter>
    </ClInclude>
    <ClInclude Include="world\actions\AlphaFadeToAction.h">
      <Filter>world\actions</Filter>
    </ClInclude>
    <ClInclude Include="world\actions\ColorFadeToAction.h">
      <Filter>world\actions</Filter>
    </ClInclude>
    <ClInclude Include="world\actions\ColorFlashAction.h">
      <Filter>world\actions</Filter>
    </ClInclude>
    <ClInclude Include="world\actions\FollowCurveAction.h">
      <Filter>world\actions</Filter>
    </ClInclude>
    <ClInclude Include="world\actions\FollowPathAction.h">
      <Filter>world\actions</Filter>
    </ClInclude>
    <ClInclude Include="world\actions\FollowStraightPathAction.h">
      <Filter>world\actions</Filter>
    </ClInclude>
    <ClInclude Include="world\actions\FollowTargetAction.h">
      <Filter>world\actions</Filter>
    </ClInclude>
    <ClInclude Include="world\actions\MoveByAction.h">
      <Filter>world\actions</Filter>
    </ClInclude>
    <ClInclude Include="world\actions\MoveToAction.h">
      <Filter>world\actions</Filter>
    </ClInclude>
    <ClInclude Include="world\actions\MoveWithAction.h">
      <Filter>world\actions</Filter>
    </ClInclude>
    <ClInclude Include="world\actions\RemoveAfterAction.h">
      <Filter>world\actions</Filter>
    </ClInclude>
    <ClInclude Include="world\actions\RotateAction.h">
      <Filter>world\actions</Filter>
    </ClInclude>
    <ClInclude Include="world\actions\RotateByAction.h">
      <Filter>world\actions</Filter>
    </ClInclude>
    <ClInclude Include="world\actions\ScaleByPathAction.h">
      <Filter>world\actions</Filter>
    </ClInclude>
    <ClInclude Include="world\actions\ScalingAction.h">
      <Filter>world\actions</Filter>
    </ClInclude>
    <ClInclude Include="world\actions\WaitAction.h">
      <Filter>world\actions</Filter>
    </ClInclude>
    <ClInclude Include="math\tweening.h">
      <Filter>math</Filter>
    </ClInclude>
    <ClInclude Include="sprites\Sprite.h">
      <Filter>sprites</Filter>
    </ClInclude>
    <ClInclude Include="sprites\SpriteArray.h">
      <Filter>sprites</Filter>
    </ClInclude>
    <ClInclude Include="physics\ColliderArray.h">
      <Filter>physics</Filter>
    </ClInclude>
    <ClInclude Include="physics\PhysicalWorld.h">
      <Filter>physics</Filter>
    </ClInclude>
    <ClInclude Include="physics\physic_types.h">
      <Filter>physics</Filter>
    </ClInclude>
    <ClInclude Include="math\Bitset.h">
      <Filter>math</Filter>
    </ClInclude>
    <ClInclude Include="math\CubicBezierPath.h">
      <Filter>math</Filter>
    </ClInclude>
    <ClInclude Include="math\FloatArray.h">
      <Filter>math</Filter>
    </ClInclude>
    <ClInclude Include="math\hex.h">
      <Filter>math</Filter>
    </ClInclude>
    <ClInclude Include="math\HexGrid.h">
      <Filter>math</Filter>
    </ClInclude>
    <ClInclude Include="math\StraightPath.h">
      <Filter>math</Filter>
    </ClInclude>
    <ClInclude Include="math\BezierCurve.h">
      <Filter>math</Filter>
    </ClInclude>
    <ClInclude Include="base\CrashReporter.h">
      <Filter>base</Filter>
    </ClInclude>
    <ClInclude Include="math\GameMath.h">
      <Filter>math</Filter>
    </ClInclude>
    <ClInclude Include="utils\mtrand.h">
      <Filter>utils</Filter>
    </ClInclude>
    <ClInclude Include="utils\Assert.h">
      <Filter>utils</Filter>
    </ClInclude>
    <ClInclude Include="Enemies.h" />
    <ClInclude Include="particles\Particle.h">
      <Filter>particles</Filter>
    </ClInclude>
    <ClInclude Include="particles\ParticleEmitter.h">
      <Filter>particles</Filter>
    </ClInclude>
    <ClInclude Include="particles\ParticleManager.h">
      <Filter>particles</Filter>
    </ClInclude>
    <ClInclude Include="particles\ParticleModule.h">
      <Filter>particles</Filter>
    </ClInclude>
    <ClInclude Include="particles\ParticleSystem.h">
      <Filter>particles</Filter>
    </ClInclude>
    <ClInclude Include="particles\ParticleSystemFactory.h">
      <Filter>particles</Filter>
    </ClInclude>
    <ClInclude Include="imgui\IMGUI.h">
      <Filter>imgui</Filter>
    </ClInclude>
    <ClInclude Include="utils\font.h">
      <Filter>utils</Filter>
    </ClInclude>
    <ClInclude Include="Constants.h" />
  </ItemGroup>
  <ItemGroup>
    <None Include="content\engine_settings.json">
      <Filter>content</Filter>
    </None>
    <None Include="content\resources.json">
      <Filter>content</Filter>
    </None>
    <None Include="content\resources\xscale.json">
      <Filter>content\resources</Filter>
    </None>
  </ItemGroup>
</Project>