<?xml version="1.0" encoding="utf-8"?>
<Project ToolsVersion="4.0" xmlns="http://schemas.microsoft.com/developer/msbuild/2003">
  <ItemGroup>
    <Filter Include="Resource Files">
      <UniqueIdentifier>{67DA6AB6-F800-4c08-8B7A-83BB121AAD01}</UniqueIdentifier>
      <Extensions>rc;ico;cur;bmp;dlg;rc2;rct;bin;rgs;gif;jpg;jpeg;jpe;resx;tiff;tif;png;wav;mfcribbon-ms</Extensions>
    </Filter>
    <Filter Include="utils">
      <UniqueIdentifier>{6f5bd609-4015-48cc-888b-2250c859c9f7}</UniqueIdentifier>
    </Filter>
    <Filter Include="renderer">
      <UniqueIdentifier>{9fd97b4f-3f97-4004-970a-b33a399b1872}</UniqueIdentifier>
    </Filter>
    <Filter Include="base">
      <UniqueIdentifier>{89dc0097-eca2-4350-9399-cd1990468d8d}</UniqueIdentifier>
    </Filter>
    <Filter Include="content">
      <UniqueIdentifier>{0f7e376b-9539-4e68-b62a-ab8f1b45cb79}</UniqueIdentifier>
    </Filter>
    <Filter Include="resources">
      <UniqueIdentifier>{85cfbf4a-6631-48e0-a65e-6458fd431b49}</UniqueIdentifier>
    </Filter>
    <Filter Include="content\resources">
      <UniqueIdentifier>{a4b9e98e-c614-4e38-a6d1-331966f8c28d}</UniqueIdentifier>
    </Filter>
    <Filter Include="gamestates">
      <UniqueIdentifier>{207b41b3-e386-4854-8caf-51bcc613af7d}</UniqueIdentifier>
    </Filter>
    <Filter Include="sprites">
      <UniqueIdentifier>{3a64bf55-3f42-459f-b3d1-4619e913d8ea}</UniqueIdentifier>
    </Filter>
    <Filter Include="physics">
      <UniqueIdentifier>{2cdf0fcb-f0c5-4dc5-841f-0ebdebf8f29a}</UniqueIdentifier>
    </Filter>
    <Filter Include="particles">
      <UniqueIdentifier>{12270537-ff6c-47d5-97f2-bbb5bcf09e4b}</UniqueIdentifier>
    </Filter>
    <Filter Include="imgui">
      <UniqueIdentifier>{4b3b0ea6-66c3-4e89-9529-28c501eb6cab}</UniqueIdentifier>
    </Filter>
    <Filter Include="dialogs">
      <UniqueIdentifier>{8b070728-2af1-4142-8741-c1a4686a27ac}</UniqueIdentifier>
    </Filter>
    <Filter Include="gen">
      <UniqueIdentifier>{c9d93cf0-37cb-46a6-a1b2-57cc3074720a}</UniqueIdentifier>
    </Filter>
    <Filter Include="stats">
      <UniqueIdentifier>{85a0e2f2-14ac-444a-a711-c2a4dc9fccce}</UniqueIdentifier>
    </Filter>
    <Filter Include="scene">
      <UniqueIdentifier>{c4c42552-b2e5-4304-b02a-ef97c02a009a}</UniqueIdentifier>
    </Filter>
    <Filter Include="shaders">
      <UniqueIdentifier>{999ea310-6151-4234-b00d-0dbae0d8c822}</UniqueIdentifier>
    </Filter>
    <Filter Include="postprocess">
      <UniqueIdentifier>{d10b1f57-8179-4ec7-9c79-95ff643ee75b}</UniqueIdentifier>
    </Filter>
    <Filter Include="shaders\postprocess">
      <UniqueIdentifier>{5583694e-52aa-4d57-b9f7-d0bd7e9a1e39}</UniqueIdentifier>
    </Filter>
    <Filter Include="audio">
      <UniqueIdentifier>{6e3d6316-e736-4a9f-a40a-72d688a0fd18}</UniqueIdentifier>
    </Filter>
    <Filter Include="particles\modules">
      <UniqueIdentifier>{b56fe18a-f5a9-4876-9665-97b258f1004a}</UniqueIdentifier>
    </Filter>
    <Filter Include="resources\parser">
      <UniqueIdentifier>{24f6efef-d508-47ae-a204-dfbb5bbe8929}</UniqueIdentifier>
    </Filter>
    <Filter Include="plugins">
      <UniqueIdentifier>{2e9760f4-1f2a-4dff-ac87-c3b7684830f4}</UniqueIdentifier>
    </Filter>
    <Filter Include="editor">
      <UniqueIdentifier>{74714e76-7c05-43e4-b265-79cfa2ccad83}</UniqueIdentifier>
    </Filter>
    <Filter Include="effects">
      <UniqueIdentifier>{95575ecb-19d0-4ffa-8008-1df6eeee57e5}</UniqueIdentifier>
    </Filter>
  </ItemGroup>
  <ItemGroup>
    <ClCompile Include="renderer\sprites.cpp">
      <Filter>renderer</Filter>
    </ClCompile>
    <ClCompile Include="base\BaseApp.cpp">
      <Filter>base</Filter>
    </ClCompile>
    <ClCompile Include="resources\ResourceContainer.cpp">
      <Filter>resources</Filter>
    </ClCompile>
    <ClCompile Include="renderer\Bitmapfont.cpp">
      <Filter>renderer</Filter>
    </ClCompile>
    <ClCompile Include="gamestates\GameStateMachine.cpp">
      <Filter>gamestates</Filter>
    </ClCompile>
    <ClCompile Include="sprites\SpriteArray.cpp">
      <Filter>sprites</Filter>
    </ClCompile>
    <ClCompile Include="physics\ColliderArray.cpp">
      <Filter>physics</Filter>
    </ClCompile>
    <ClCompile Include="physics\PhysicalWorld.cpp">
      <Filter>physics</Filter>
    </ClCompile>
    <ClCompile Include="particles\ParticleManager.cpp">
      <Filter>particles</Filter>
    </ClCompile>
    <ClCompile Include="particles\ParticleSystem.cpp">
      <Filter>particles</Filter>
    </ClCompile>
    <ClCompile Include="particles\ParticleSystemFactory.cpp">
      <Filter>particles</Filter>
    </ClCompile>
    <ClCompile Include="imgui\IMGUI.cpp">
      <Filter>imgui</Filter>
    </ClCompile>
    <ClCompile Include="base\WindowMain.cpp">
      <Filter>base</Filter>
    </ClCompile>
    <ClCompile Include="dialogs\GUIDialog.cpp">
      <Filter>dialogs</Filter>
    </ClCompile>
    <ClCompile Include="renderer\graphics.cpp">
      <Filter>renderer</Filter>
    </ClCompile>
    <ClCompile Include="renderer\Camera.cpp">
      <Filter>renderer</Filter>
    </ClCompile>
    <ClCompile Include="renderer\QuadBuffer.cpp">
      <Filter>renderer</Filter>
    </ClCompile>
    <ClCompile Include="base\InputSystem.cpp">
      <Filter>base</Filter>
    </ClCompile>
    <ClCompile Include="utils\ObjLoader.cpp">
      <Filter>utils</Filter>
    </ClCompile>
    <ClCompile Include="renderer\MeshBuffer.cpp">
      <Filter>renderer</Filter>
    </ClCompile>
    <ClCompile Include="gen\MeshGen.cpp">
      <Filter>gen</Filter>
    </ClCompile>
    <ClCompile Include="gen\MeshGenGUI.cpp">
      <Filter>gen</Filter>
    </ClCompile>
    <ClCompile Include="gen\MeshGenCommand.cpp">
      <Filter>gen</Filter>
    </ClCompile>
    <ClCompile Include="stats\DrawCounter.cpp">
      <Filter>stats</Filter>
    </ClCompile>
    <ClCompile Include="renderer\SkyBox.cpp">
      <Filter>renderer</Filter>
    </ClCompile>
    <ClCompile Include="renderer\RenderTarget.cpp">
      <Filter>renderer</Filter>
    </ClCompile>
    <ClCompile Include="scene\EntityArray.cpp">
      <Filter>scene</Filter>
    </ClCompile>
    <ClCompile Include="scene\Scene.cpp">
      <Filter>scene</Filter>
    </ClCompile>
    <ClCompile Include="particles\ParticleSystemRenderer.cpp">
      <Filter>particles</Filter>
    </ClCompile>
    <ClCompile Include="postprocess\GrayFadePostProcess.cpp">
      <Filter>postprocess</Filter>
    </ClCompile>
    <ClCompile Include="postprocess\SimplePostProcess.cpp">
      <Filter>postprocess</Filter>
    </ClCompile>
    <ClCompile Include="postprocess\ScreenShakePostProcess.cpp">
      <Filter>postprocess</Filter>
    </ClCompile>
    <ClCompile Include="postprocess\PostProcess.cpp">
      <Filter>postprocess</Filter>
    </ClCompile>
    <ClCompile Include="renderer\SpriteSheet.cpp">
      <Filter>renderer</Filter>
    </ClCompile>
    <ClCompile Include="utils\font.cpp">
      <Filter>utils</Filter>
    </ClCompile>
    <ClCompile Include="audio\AudioManager.cpp">
      <Filter>audio</Filter>
    </ClCompile>
    <ClCompile Include="particles\modules\ParticleTimeModule.cpp">
      <Filter>particles\modules</Filter>
    </ClCompile>
    <ClCompile Include="particles\modules\SizeModule.cpp">
      <Filter>particles\modules</Filter>
    </ClCompile>
    <ClCompile Include="particles\modules\ColorModule.cpp">
      <Filter>particles\modules</Filter>
    </ClCompile>
    <ClCompile Include="particles\modules\RotationModule.cpp">
      <Filter>particles\modules</Filter>
    </ClCompile>
    <ClCompile Include="particles\modules\VelocityModule.cpp">
      <Filter>particles\modules</Filter>
    </ClCompile>
    <ClCompile Include="particles\modules\AlphaModule.cpp">
      <Filter>particles\modules</Filter>
    </ClCompile>
    <ClCompile Include="particles\modules\AccelerationModule.cpp">
      <Filter>particles\modules</Filter>
    </ClCompile>
    <ClCompile Include="particles\modules\RingEmitterModule.cpp">
      <Filter>particles\modules</Filter>
    </ClCompile>
    <ClCompile Include="particles\modules\WiggleModule.cpp">
      <Filter>particles\modules</Filter>
    </ClCompile>
    <ClCompile Include="renderer\Viewport.cpp">
      <Filter>renderer</Filter>
    </ClCompile>
    <ClCompile Include="particles\ParticlesTestState.cpp">
      <Filter>particles</Filter>
    </ClCompile>
    <ClCompile Include="particles\modules\PointEmitterModule.cpp">
      <Filter>particles\modules</Filter>
    </ClCompile>
    <ClCompile Include="renderer\SquareBuffer.cpp">
      <Filter>renderer</Filter>
    </ClCompile>
    <ClCompile Include="resources\parser\ResourceParser.cpp">
      <Filter>resources\parser</Filter>
    </ClCompile>
    <ClCompile Include="resources\parser\ConstantBufferParser.cpp">
      <Filter>resources\parser</Filter>
    </ClCompile>
    <ClCompile Include="resources\parser\DialogParser.cpp">
      <Filter>resources\parser</Filter>
    </ClCompile>
    <ClCompile Include="resources\parser\MaterialParser.cpp">
      <Filter>resources\parser</Filter>
    </ClCompile>
    <ClCompile Include="resources\parser\FontParser.cpp">
      <Filter>resources\parser</Filter>
    </ClCompile>
    <ClCompile Include="resources\parser\RenderTargetParser.cpp">
      <Filter>resources\parser</Filter>
    </ClCompile>
    <ClCompile Include="resources\parser\SoundParser.cpp">
      <Filter>resources\parser</Filter>
    </ClCompile>
    <ClCompile Include="resources\parser\SpritesheetParser.cpp">
      <Filter>resources\parser</Filter>
    </ClCompile>
    <ClCompile Include="resources\parser\TextureParser.cpp">
      <Filter>resources\parser</Filter>
    </ClCompile>
    <ClCompile Include="resources\parser\SamplerStateParser.cpp">
      <Filter>resources\parser</Filter>
    </ClCompile>
    <ClCompile Include="resources\parser\ParticleManagerParser.cpp">
      <Filter>resources\parser</Filter>
    </ClCompile>
    <ClCompile Include="resources\parser\QuadIndexBufferParser.cpp">
      <Filter>resources\parser</Filter>
    </ClCompile>
    <ClCompile Include="resources\parser\ScriptParser.cpp">
      <Filter>resources\parser</Filter>
    </ClCompile>
    <ClCompile Include="resources\parser\SquareBufferParser.cpp">
      <Filter>resources\parser</Filter>
    </ClCompile>
    <ClCompile Include="resources\parser\WorldEntityTemplatesParser.cpp">
      <Filter>resources\parser</Filter>
    </ClCompile>
    <ClCompile Include="resources\parser\IMGUIParser.cpp">
      <Filter>resources\parser</Filter>
    </ClCompile>
    <ClCompile Include="resources\parser\ShaderParser.cpp">
      <Filter>resources\parser</Filter>
    </ClCompile>
    <ClCompile Include="resources\parser\BlendStateParser.cpp">
      <Filter>resources\parser</Filter>
    </ClCompile>
    <ClCompile Include="resources\parser\SpriteBufferParser.cpp">
      <Filter>resources\parser</Filter>
    </ClCompile>
    <ClCompile Include="resources\parser\VertexBufferParser.cpp">
      <Filter>resources\parser</Filter>
    </ClCompile>
    <ClCompile Include="resources\parser\IndexBufferParser.cpp">
      <Filter>resources\parser</Filter>
    </ClCompile>
    <ClCompile Include="resources\parser\InputLayoutParser.cpp">
      <Filter>resources\parser</Filter>
    </ClCompile>
    <ClCompile Include="resources\parser\MeshParser.cpp">
      <Filter>resources\parser</Filter>
    </ClCompile>
    <ClCompile Include="resources\parser\MeshBufferParser.cpp">
      <Filter>resources\parser</Filter>
    </ClCompile>
    <ClCompile Include="plugins\PerfHUDPlugin.cpp">
      <Filter>plugins</Filter>
    </ClCompile>
    <ClCompile Include="editor\GameEditor.cpp">
      <Filter>editor</Filter>
    </ClCompile>
    <ClCompile Include="effects\BaseEffect.cpp">
      <Filter>effects</Filter>
    </ClCompile>
  </ItemGroup>
  <ItemGroup>
    <ClInclude Include="renderer\render_types.h">
      <Filter>renderer</Filter>
    </ClInclude>
    <ClInclude Include="renderer\sprites.h">
      <Filter>renderer</Filter>
    </ClInclude>
    <ClInclude Include="base\BaseApp.h">
      <Filter>base</Filter>
    </ClInclude>
    <ClInclude Include="base\Settings.h">
      <Filter>base</Filter>
    </ClInclude>
    <ClInclude Include="resources\ResourceDescriptors.h">
      <Filter>resources</Filter>
    </ClInclude>
    <ClInclude Include="resources\ResourceContainer.h">
      <Filter>resources</Filter>
    </ClInclude>
    <ClInclude Include="renderer\Bitmapfont.h">
      <Filter>renderer</Filter>
    </ClInclude>
    <ClInclude Include="gamestates\GameState.h">
      <Filter>gamestates</Filter>
    </ClInclude>
    <ClInclude Include="gamestates\GameStateMachine.h">
      <Filter>gamestates</Filter>
    </ClInclude>
    <ClInclude Include="sprites\Sprite.h">
      <Filter>sprites</Filter>
    </ClInclude>
    <ClInclude Include="sprites\SpriteArray.h">
      <Filter>sprites</Filter>
    </ClInclude>
    <ClInclude Include="physics\ColliderArray.h">
      <Filter>physics</Filter>
    </ClInclude>
    <ClInclude Include="physics\PhysicalWorld.h">
      <Filter>physics</Filter>
    </ClInclude>
    <ClInclude Include="particles\Particle.h">
      <Filter>particles</Filter>
    </ClInclude>
    <ClInclude Include="particles\ParticleEmitter.h">
      <Filter>particles</Filter>
    </ClInclude>
    <ClInclude Include="particles\ParticleManager.h">
      <Filter>particles</Filter>
    </ClInclude>
    <ClInclude Include="particles\ParticleSystem.h">
      <Filter>particles</Filter>
    </ClInclude>
    <ClInclude Include="particles\ParticleSystemFactory.h">
      <Filter>particles</Filter>
    </ClInclude>
    <ClInclude Include="imgui\IMGUI.h">
      <Filter>imgui</Filter>
    </ClInclude>
    <ClInclude Include="dialogs\GUIDialog.h">
      <Filter>dialogs</Filter>
    </ClInclude>
    <ClInclude Include="renderer\graphics.h">
      <Filter>renderer</Filter>
    </ClInclude>
    <ClInclude Include="renderer\Camera.h">
      <Filter>renderer</Filter>
    </ClInclude>
    <ClInclude Include="renderer\QuadBuffer.h">
      <Filter>renderer</Filter>
    </ClInclude>
    <ClInclude Include="base\InputSystem.h">
      <Filter>base</Filter>
    </ClInclude>
    <ClInclude Include="utils\ObjLoader.h">
      <Filter>utils</Filter>
    </ClInclude>
    <ClInclude Include="renderer\VertexTypes.h">
      <Filter>renderer</Filter>
    </ClInclude>
    <ClInclude Include="renderer\MeshBuffer.h">
      <Filter>renderer</Filter>
    </ClInclude>
    <ClInclude Include="resources\Resource.h">
      <Filter>resources</Filter>
    </ClInclude>
    <ClInclude Include="gen\MeshGen.h">
      <Filter>gen</Filter>
    </ClInclude>
    <ClInclude Include="gen\MeshGenGUI.h">
      <Filter>gen</Filter>
    </ClInclude>
    <ClInclude Include="gen\MeshGenCommand.h">
      <Filter>gen</Filter>
    </ClInclude>
    <ClInclude Include="stats\DrawCounter.h">
      <Filter>stats</Filter>
    </ClInclude>
    <ClInclude Include="renderer\SkyBox.h">
      <Filter>renderer</Filter>
    </ClInclude>
    <ClInclude Include="renderer\RenderTarget.h">
      <Filter>renderer</Filter>
    </ClInclude>
    <ClInclude Include="scene\EntityArray.h">
      <Filter>scene</Filter>
    </ClInclude>
    <ClInclude Include="scene\Scene.h">
      <Filter>scene</Filter>
    </ClInclude>
    <ClInclude Include="particles\ParticleSystemRenderer.h">
      <Filter>particles</Filter>
    </ClInclude>
    <ClInclude Include="postprocess\PostProcess.h">
      <Filter>postprocess</Filter>
    </ClInclude>
    <ClInclude Include="postprocess\GrayFadePostProcess.h">
      <Filter>postprocess</Filter>
    </ClInclude>
    <ClInclude Include="postprocess\SimplePostProcess.h">
      <Filter>postprocess</Filter>
    </ClInclude>
    <ClInclude Include="postprocess\ScreenShakePostProcess.h">
      <Filter>postprocess</Filter>
    </ClInclude>
    <ClInclude Include="renderer\SpriteSheet.h">
      <Filter>renderer</Filter>
    </ClInclude>
    <ClInclude Include="utils\font.h">
      <Filter>utils</Filter>
    </ClInclude>
    <ClInclude Include="audio\AudioManager.h">
      <Filter>audio</Filter>
    </ClInclude>
    <ClInclude Include="audio\tinysound.h">
      <Filter>audio</Filter>
    </ClInclude>
    <ClInclude Include="particles\modules\ParticleModule.h">
      <Filter>particles\modules</Filter>
    </ClInclude>
    <ClInclude Include="particles\modules\ParticleTimeModule.h">
      <Filter>particles\modules</Filter>
    </ClInclude>
    <ClInclude Include="particles\modules\SizeModule.h">
      <Filter>particles\modules</Filter>
    </ClInclude>
    <ClInclude Include="particles\modules\ColorModule.h">
      <Filter>particles\modules</Filter>
    </ClInclude>
    <ClInclude Include="particles\modules\RotationModule.h">
      <Filter>particles\modules</Filter>
    </ClInclude>
    <ClInclude Include="particles\modules\VelocityModule.h">
      <Filter>particles\modules</Filter>
    </ClInclude>
    <ClInclude Include="particles\modules\AlphaModule.h">
      <Filter>particles\modules</Filter>
    </ClInclude>
    <ClInclude Include="particles\modules\AccelerationModule.h">
      <Filter>particles\modules</Filter>
    </ClInclude>
    <ClInclude Include="particles\modules\RingEmitterModule.h">
      <Filter>particles\modules</Filter>
    </ClInclude>
    <ClInclude Include="particles\modules\WiggleModule.h">
      <Filter>particles\modules</Filter>
    </ClInclude>
    <ClInclude Include="renderer\Viewport.h">
      <Filter>renderer</Filter>
    </ClInclude>
    <ClInclude Include="particles\ParticlesTestState.h">
      <Filter>particles</Filter>
    </ClInclude>
    <ClInclude Include="particles\modules\PointEmitterModule.h">
      <Filter>particles\modules</Filter>
    </ClInclude>
    <ClInclude Include="renderer\SquareBuffer.h">
      <Filter>renderer</Filter>
    </ClInclude>
    <ClInclude Include="resources\parser\ResourceParser.h">
      <Filter>resources\parser</Filter>
    </ClInclude>
    <ClInclude Include="resources\parser\ConstantBufferParser.h">
      <Filter>resources\parser</Filter>
    </ClInclude>
    <ClInclude Include="resources\parser\DialogParser.h">
      <Filter>resources\parser</Filter>
    </ClInclude>
    <ClInclude Include="resources\parser\MaterialParser.h">
      <Filter>resources\parser</Filter>
    </ClInclude>
    <ClInclude Include="resources\parser\FontParser.h">
      <Filter>resources\parser</Filter>
    </ClInclude>
    <ClInclude Include="resources\parser\RenderTargetParser.h">
      <Filter>resources\parser</Filter>
    </ClInclude>
    <ClInclude Include="resources\parser\SoundParser.h">
      <Filter>resources\parser</Filter>
    </ClInclude>
    <ClInclude Include="resources\parser\SpritesheetParser.h">
      <Filter>resources\parser</Filter>
    </ClInclude>
    <ClInclude Include="resources\parser\TextureParser.h">
      <Filter>resources\parser</Filter>
    </ClInclude>
    <ClInclude Include="resources\parser\SamplerStateParser.h">
      <Filter>resources\parser</Filter>
    </ClInclude>
    <ClInclude Include="resources\parser\ParticleManagerParser.h">
      <Filter>resources\parser</Filter>
    </ClInclude>
    <ClInclude Include="resources\parser\QuadIndexBufferParser.h">
      <Filter>resources\parser</Filter>
    </ClInclude>
    <ClInclude Include="resources\parser\ScriptParser.h">
      <Filter>resources\parser</Filter>
    </ClInclude>
    <ClInclude Include="resources\parser\SquareBufferParser.h">
      <Filter>resources\parser</Filter>
    </ClInclude>
    <ClInclude Include="resources\parser\WorldEntityTemplatesParser.h">
      <Filter>resources\parser</Filter>
    </ClInclude>
    <ClInclude Include="resources\parser\IMGUIParser.h">
      <Filter>resources\parser</Filter>
    </ClInclude>
    <ClInclude Include="resources\parser\ShaderParser.h">
      <Filter>resources\parser</Filter>
    </ClInclude>
    <ClInclude Include="resources\parser\BlendStateParser.h">
      <Filter>resources\parser</Filter>
    </ClInclude>
    <ClInclude Include="resources\parser\SpriteBufferParser.h">
      <Filter>resources\parser</Filter>
    </ClInclude>
    <ClInclude Include="resources\parser\VertexBufferParser.h">
      <Filter>resources\parser</Filter>
    </ClInclude>
    <ClInclude Include="resources\parser\IndexBufferParser.h">
      <Filter>resources\parser</Filter>
    </ClInclude>
    <ClInclude Include="resources\parser\InputLayoutParser.h">
      <Filter>resources\parser</Filter>
    </ClInclude>
    <ClInclude Include="resources\parser\MeshParser.h">
      <Filter>resources\parser</Filter>
    </ClInclude>
    <ClInclude Include="resources\parser\MeshBufferParser.h">
      <Filter>resources\parser</Filter>
    </ClInclude>
    <ClInclude Include="plugins\PerfHUDPlugin.h">
      <Filter>plugins</Filter>
    </ClInclude>
    <ClInclude Include="editor\EditorPlugin.h">
      <Filter>editor</Filter>
    </ClInclude>
    <ClInclude Include="editor\GameEditor.h">
      <Filter>editor</Filter>
    </ClInclude>
    <ClInclude Include="effects\BaseEffect.h">
      <Filter>effects</Filter>
    </ClInclude>
  </ItemGroup>
  <ItemGroup>
    <None Include="content\engine_settings.json">
      <Filter>content</Filter>
    </None>
    <None Include="content\resources\xscale.json">
      <Filter>content\resources</Filter>
    </None>
    <None Include="shaders\Sprite_GS_Main.inc">
      <Filter>shaders</Filter>
    </None>
    <None Include="shaders\Sprite_PS_Main.inc">
      <Filter>shaders</Filter>
    </None>
    <None Include="shaders\Sprite_VS_Main.inc">
      <Filter>shaders</Filter>
    </None>
    <None Include="shaders\compile_shaders.cmd">
      <Filter>shaders</Filter>
    </None>
    <None Include="TODO.md" />
    <None Include="shaders\ScreenQuad.fx">
      <Filter>shaders</Filter>
    </None>
    <None Include="shaders\postprocess\GrayFade_PS_Main.inc">
      <Filter>shaders\postprocess</Filter>
    </None>
    <None Include="shaders\postprocess\GrayFade_VS_Main.inc">
      <Filter>shaders\postprocess</Filter>
    </None>
    <None Include="shaders\postprocess\BasicPostProcess_PS_Main.inc">
      <Filter>shaders\postprocess</Filter>
    </None>
    <None Include="shaders\postprocess\BasicPostProcess_VS_Main.inc">
      <Filter>shaders\postprocess</Filter>
    </None>
    <None Include="shaders\postprocess\PostProcessCommon.inc">
      <Filter>shaders\postprocess</Filter>
    </None>
    <None Include="shaders\postprocess\ScreenShake_PS_Main.inc">
      <Filter>shaders\postprocess</Filter>
    </None>
    <None Include="shaders\postprocess\ScreenShake_VS_Main.inc">
      <Filter>shaders\postprocess</Filter>
    </None>
    <None Include="shaders\Quad_VS_Main.inc">
      <Filter>shaders</Filter>
    </None>
    <None Include="shaders\Quad_PS_Main.inc">
      <Filter>shaders</Filter>
    </None>
  </ItemGroup>
  <ItemGroup>
    <FxCompile Include="shaders\Sprite.fx">
      <Filter>shaders</Filter>
    </FxCompile>
    <FxCompile Include="shaders\postprocess\GrayFade.fx">
      <Filter>shaders\postprocess</Filter>
    </FxCompile>
    <FxCompile Include="shaders\postprocess\BasicPostProcess.fx">
      <Filter>shaders\postprocess</Filter>
    </FxCompile>
    <FxCompile Include="shaders\postprocess\ScreenShake.fx">
      <Filter>shaders\postprocess</Filter>
    </FxCompile>
    <FxCompile Include="shaders\Quad.fx">
      <Filter>shaders</Filter>
    </FxCompile>
  </ItemGroup>
</Project>