<?xml version="1.0" encoding="utf-8"?>
<Project ToolsVersion="4.0" xmlns="http://schemas.microsoft.com/developer/msbuild/2003">
  <ItemGroup>
    <Filter Include="Source Files">
      <UniqueIdentifier>{4FC737F1-C7A5-4376-A066-2A32D752A2FF}</UniqueIdentifier>
      <Extensions>cpp;c;cc;cxx;def;odl;idl;hpj;bat;asm;asmx</Extensions>
    </Filter>
    <Filter Include="Header Files">
      <UniqueIdentifier>{93995380-89BD-4b04-88EB-625FBE52EBFB}</UniqueIdentifier>
      <Extensions>h;hh;hpp;hxx;hm;inl;inc;xsd</Extensions>
    </Filter>
    <Filter Include="Resource Files">
      <UniqueIdentifier>{67DA6AB6-F800-4c08-8B7A-83BB121AAD01}</UniqueIdentifier>
      <Extensions>rc;ico;cur;bmp;dlg;rc2;rct;bin;rgs;gif;jpg;jpeg;jpe;resx;tiff;tif;png;wav;mfcribbon-ms</Extensions>
    </Filter>
    <Filter Include="utils">
      <UniqueIdentifier>{6f5bd609-4015-48cc-888b-2250c859c9f7}</UniqueIdentifier>
    </Filter>
    <Filter Include="renderer">
      <UniqueIdentifier>{9fd97b4f-3f97-4004-970a-b33a399b1872}</UniqueIdentifier>
    </Filter>
    <Filter Include="base">
      <UniqueIdentifier>{89dc0097-eca2-4350-9399-cd1990468d8d}</UniqueIdentifier>
    </Filter>
  </ItemGroup>
  <ItemGroup>
    <ClCompile Include="main.cpp">
      <Filter>Source Files</Filter>
    </ClCompile>
    <ClCompile Include="graphics.cpp">
      <Filter>Source Files</Filter>
    </ClCompile>
    <ClCompile Include="Demo.cpp">
      <Filter>Source Files</Filter>
    </ClCompile>
    <ClCompile Include="utils\Log.cpp">
      <Filter>utils</Filter>
    </ClCompile>
    <ClCompile Include="math\math.cpp">
      <Filter>Source Files</Filter>
    </ClCompile>
    <ClCompile Include="renderer\sprites.cpp">
      <Filter>renderer</Filter>
    </ClCompile>
    <ClCompile Include="utils\Color.cpp">
      <Filter>utils</Filter>
    </ClCompile>
    <ClCompile Include="base\BaseApp.cpp">
      <Filter>base</Filter>
    </ClCompile>
  </ItemGroup>
  <ItemGroup>
    <ClInclude Include="graphics.h">
      <Filter>Header Files</Filter>
    </ClInclude>
    <ClInclude Include="Demo.h">
      <Filter>Header Files</Filter>
    </ClInclude>
    <ClInclude Include="utils\Log.h">
      <Filter>utils</Filter>
    </ClInclude>
    <ClInclude Include="renderer\render_types.h">
      <Filter>renderer</Filter>
    </ClInclude>
    <ClInclude Include="math\math.h">
      <Filter>Header Files</Filter>
    </ClInclude>
    <ClInclude Include="renderer\sprites.h">
      <Filter>renderer</Filter>
    </ClInclude>
    <ClInclude Include="utils\Color.h">
      <Filter>utils</Filter>
    </ClInclude>
    <ClInclude Include="base\BaseApp.h">
      <Filter>base</Filter>
    </ClInclude>
  </ItemGroup>
</Project>